<?xml version="1.0" encoding="utf-8"?>
<Project ToolsVersion="4.0" xmlns="http://schemas.microsoft.com/developer/msbuild/2003">
  <ItemGroup>
    <Filter Include="ソース ファイル">
      <UniqueIdentifier>{4FC737F1-C7A5-4376-A066-2A32D752A2FF}</UniqueIdentifier>
      <Extensions>cpp;c;cc;cxx;c++;cppm;ixx;def;odl;idl;hpj;bat;asm;asmx</Extensions>
    </Filter>
    <Filter Include="ヘッダー ファイル">
      <UniqueIdentifier>{93995380-89BD-4b04-88EB-625FBE52EBFB}</UniqueIdentifier>
      <Extensions>h;hh;hpp;hxx;h++;hm;inl;inc;ipp;xsd</Extensions>
    </Filter>
    <Filter Include="リソース ファイル">
      <UniqueIdentifier>{67DA6AB6-F800-4c08-8B7A-83BB121AAD01}</UniqueIdentifier>
      <Extensions>rc;ico;cur;bmp;dlg;rc2;rct;bin;rgs;gif;jpg;jpeg;jpe;resx;tiff;tif;png;wav;mfcribbon-ms</Extensions>
    </Filter>
  </ItemGroup>
  <ItemGroup>
    <ClCompile Include="Utility\Vector2D.cpp">
      <Filter>ソース ファイル</Filter>
    </ClCompile>
    <ClCompile Include="Utility\InputControl.cpp">
      <Filter>ソース ファイル</Filter>
    </ClCompile>
    <ClCompile Include="Scene\Scene.cpp">
      <Filter>ソース ファイル</Filter>
    </ClCompile>
    <ClCompile Include="Objects\Enemy\Enemy.cpp">
      <Filter>ソース ファイル</Filter>
    </ClCompile>
    <ClCompile Include="Objects\GameObject.cpp">
      <Filter>ソース ファイル</Filter>
    </ClCompile>
    <ClCompile Include="AppMain.cpp">
      <Filter>ソース ファイル</Filter>
    </ClCompile>
    <ClCompile Include="Objects\Player\Player.cpp">
      <Filter>ソース ファイル</Filter>
    </ClCompile>
    <ClCompile Include="Objects\Bullet\Bullet.cpp">
      <Filter>ソース ファイル</Filter>
    </ClCompile>
    <ClCompile Include="Objects\Bom\Bom.cpp">
      <Filter>ソース ファイル</Filter>
    </ClCompile>
  </ItemGroup>
  <ItemGroup>
    <ClInclude Include="Utility\Vector2D.h">
      <Filter>ヘッダー ファイル</Filter>
    </ClInclude>
    <ClInclude Include="Utility\InputControl.h">
      <Filter>ヘッダー ファイル</Filter>
    </ClInclude>
    <ClInclude Include="Scene\Scene.h">
      <Filter>ヘッダー ファイル</Filter>
    </ClInclude>
    <ClInclude Include="Objects\Enemy\Enemy.h">
      <Filter>ヘッダー ファイル</Filter>
    </ClInclude>
    <ClInclude Include="Objects\GameObject.h">
      <Filter>ヘッダー ファイル</Filter>
    </ClInclude>
    <ClInclude Include="Objects\Player\Player.h">
      <Filter>ヘッダー ファイル</Filter>
    </ClInclude>
    <ClInclude Include="Objects\Bullet\Bullet.h">
      <Filter>ヘッダー ファイル</Filter>
    </ClInclude>
    <ClInclude Include="Objects\Bom\Bom.h">
      <Filter>ヘッダー ファイル</Filter>
    </ClInclude>
  </ItemGroup>
  <ItemGroup>
    <None Include="Resource\images\-.svg" />
    <None Include="Resource\images\0.svg" />
    <None Include="Resource\images\1.svg" />
    <None Include="Resource\images\2.svg" />
    <None Include="Resource\images\3.svg" />
    <None Include="Resource\images\4.svg" />
    <None Include="Resource\images\5.svg" />
    <None Include="Resource\images\6.svg" />
    <None Include="Resource\images\7.svg" />
    <None Include="Resource\images\9.svg" />
    <None Include="Resource\images\8.svg" />
    <None Include="Resource\images\Finish.svg" />
    <None Include="Resource\images\font-21.svg" />
    <None Include="Resource\images\hs.svg" />
  </ItemGroup>
  <ItemGroup>
    <Image Include="Resource\images\1 (1).png">
      <Filter>リソース ファイル</Filter>
    </Image>
    <Image Include="Resource\images\1 (4).png">
      <Filter>リソース ファイル</Filter>
    </Image>
    <Image Include="Resource\images\1 (3).png">
      <Filter>リソース ファイル</Filter>
    </Image>
    <Image Include="Resource\images\1 (2).png">
      <Filter>リソース ファイル</Filter>
    </Image>
    <Image Include="Resource\images\1 (5).png">
      <Filter>リソース ファイル</Filter>
    </Image>
    <Image Include="Resource\images\1.png">
      <Filter>リソース ファイル</Filter>
    </Image>
    <Image Include="Resource\images\2 (1).png">
      <Filter>リソース ファイル</Filter>
    </Image>
    <Image Include="Resource\images\2 (3).png">
      <Filter>リソース ファイル</Filter>
    </Image>
    <Image Include="Resource\images\2 (2).png">
      <Filter>リソース ファイル</Filter>
    </Image>
    <Image Include="Resource\images\2 (4).png">
      <Filter>リソース ファイル</Filter>
    </Image>
    <Image Include="Resource\images\2.png">
      <Filter>リソース ファイル</Filter>
    </Image>
    <Image Include="Resource\images\3 (1).png">
      <Filter>リソース ファイル</Filter>
    </Image>
    <Image Include="Resource\images\3.png">
      <Filter>リソース ファイル</Filter>
    </Image>
    <Image Include="Resource\images\4.png">
      <Filter>リソース ファイル</Filter>
    </Image>
    <Image Include="Resource\images\5.png">
      <Filter>リソース ファイル</Filter>
    </Image>
    <Image Include="Resource\images\BAD.png">
      <Filter>リソース ファイル</Filter>
    </Image>
    <Image Include="Resource\images\eff1.png">
      <Filter>リソース ファイル</Filter>
    </Image>
    <Image Include="Resource\images\eff2.png">
      <Filter>リソース ファイル</Filter>
    </Image>
    <Image Include="Resource\images\eff3.png">
      <Filter>リソース ファイル</Filter>
    </Image>
    <Image Include="Resource\images\GOOD.png">
      <Filter>リソース ファイル</Filter>
    </Image>
    <Image Include="Resource\images\OK.png">
      <Filter>リソース ファイル</Filter>
    </Image>
    <Image Include="Resource\images\Perfect.png">
      <Filter>リソース ファイル</Filter>
    </Image>
    <Image Include="Resource\images\timer-03.png">
      <Filter>リソース ファイル</Filter>
    </Image>
    <Image Include="Resource\images\爆弾.png">
      <Filter>リソース ファイル</Filter>
    </Image>
    <Image Include="Resource\images\Tripilot1.png">
      <Filter>リソース ファイル</Filter>
    </Image>
    <Image Include="Resource\images\Tripilot2.png">
      <Filter>リソース ファイル</Filter>
    </Image>
    <Image Include="Resource\images\BackGround.png">
      <Filter>リソース ファイル</Filter>
    </Image>
    <Image Include="Resource\images\Bom.png">
      <Filter>リソース ファイル</Filter>
    </Image>
  </ItemGroup>
</Project>