
Microsoft Visual Studio Solution File, Format Version 12.00
# Visual Studio Version 17
VisualStudioVersion = 17.5.33530.505
MinimumVisualStudioVersion = 10.0.40219.1
Project("{8BC9CEB8-8B4A-11D0-8D11-00A0C91BC942}") = "Sample", "Sample\Sample.vcxproj", "{54BA2CD4-F2E3-491E-814F-7608481000D6}"
EndProject
Project("{8BC9CEB8-8B4A-11D0-8D11-00A0C91BC942}") = "Development", "..\Development\Development.vcxproj", "{5BDC6B62-26E1-4BED-B8EC-780999FB057A}"
EndProject
Global
	GlobalSection(SolutionConfigurationPlatforms) = preSolution
		Debug|x64 = Debug|x64
		Debug|x86 = Debug|x86
		Release|x64 = Release|x64
		Release|x86 = Release|x86
	EndGlobalSection
	GlobalSection(ProjectConfigurationPlatforms) = postSolution
		{54BA2CD4-F2E3-491E-814F-7608481000D6}.Debug|x64.ActiveCfg = Debug|x64
		{54BA2CD4-F2E3-491E-814F-7608481000D6}.Debug|x64.Build.0 = Debug|x64
		{54BA2CD4-F2E3-491E-814F-7608481000D6}.Debug|x86.ActiveCfg = Debug|Win32
		{54BA2CD4-F2E3-491E-814F-7608481000D6}.Debug|x86.Build.0 = Debug|Win32
		{54BA2CD4-F2E3-491E-814F-7608481000D6}.Release|x64.ActiveCfg = Release|x64
		{54BA2CD4-F2E3-491E-814F-7608481000D6}.Release|x64.Build.0 = Release|x64
		{54BA2CD4-F2E3-491E-814F-7608481000D6}.Release|x86.ActiveCfg = Release|Win32
		{54BA2CD4-F2E3-491E-814F-7608481000D6}.Release|x86.Build.0 = Release|Win32
		{5BDC6B62-26E1-4BED-B8EC-780999FB057A}.Debug|x64.ActiveCfg = Debug|x64
		{5BDC6B62-26E1-4BED-B8EC-780999FB057A}.Debug|x64.Build.0 = Debug|x64
		{5BDC6B62-26E1-4BED-B8EC-780999FB057A}.Debug|x86.ActiveCfg = Debug|Win32
		{5BDC6B62-26E1-4BED-B8EC-780999FB057A}.Debug|x86.Build.0 = Debug|Win32
		{5BDC6B62-26E1-4BED-B8EC-780999FB057A}.Release|x64.ActiveCfg = Release|x64
		{5BDC6B62-26E1-4BED-B8EC-780999FB057A}.Release|x64.Build.0 = Release|x64
		{5BDC6B62-26E1-4BED-B8EC-780999FB057A}.Release|x86.ActiveCfg = Release|Win32
		{5BDC6B62-26E1-4BED-B8EC-780999FB057A}.Release|x86.Build.0 = Release|Win32
	EndGlobalSection
	GlobalSection(SolutionProperties) = preSolution
		HideSolutionNode = FALSE
	EndGlobalSection
	GlobalSection(ExtensibilityGlobals) = postSolution
		SolutionGuid = {914FD794-5029-4897-B651-BA7867337511}
	EndGlobalSection
EndGlobal
