<?xml version="1.0" encoding="utf-8"?>
<Project ToolsVersion="4.0" xmlns="http://schemas.microsoft.com/developer/msbuild/2003">
  <ItemGroup>
    <Filter Include="ソース ファイル">
      <UniqueIdentifier>{4FC737F1-C7A5-4376-A066-2A32D752A2FF}</UniqueIdentifier>
      <Extensions>cpp;c;cc;cxx;c++;cppm;ixx;def;odl;idl;hpj;bat;asm;asmx</Extensions>
    </Filter>
    <Filter Include="ヘッダー ファイル">
      <UniqueIdentifier>{93995380-89BD-4b04-88EB-625FBE52EBFB}</UniqueIdentifier>
      <Extensions>h;hh;hpp;hxx;h++;hm;inl;inc;ipp;xsd</Extensions>
    </Filter>
    <Filter Include="リソース ファイル">
      <UniqueIdentifier>{67DA6AB6-F800-4c08-8B7A-83BB121AAD01}</UniqueIdentifier>
      <Extensions>rc;ico;cur;bmp;dlg;rc2;rct;bin;rgs;gif;jpg;jpeg;jpe;resx;tiff;tif;png;wav;mfcribbon-ms</Extensions>
    </Filter>
  </ItemGroup>
  <ItemGroup>
    <Image Include="Resource\Images\Blast\1.png">
      <Filter>リソース ファイル</Filter>
    </Image>
    <Image Include="Resource\Images\Blast\2.png">
      <Filter>リソース ファイル</Filter>
    </Image>
    <Image Include="Resource\Images\Blast\3.png">
      <Filter>リソース ファイル</Filter>
    </Image>
    <Image Include="Resource\Images\Bomb\Bomb.png">
      <Filter>リソース ファイル</Filter>
    </Image>
    <Image Include="Resource\Images\BoxEnemy\2.png">
      <Filter>リソース ファイル</Filter>
    </Image>
    <Image Include="Resource\Images\BoxEnemy\1.png">
      <Filter>リソース ファイル</Filter>
    </Image>
    <Image Include="Resource\Images\EnemyBullet\1.png">
      <Filter>リソース ファイル</Filter>
    </Image>
    <Image Include="Resource\Images\EnemyBullet\eff1.png">
      <Filter>リソース ファイル</Filter>
    </Image>
    <Image Include="Resource\Images\EnemyBullet\eff2.png">
      <Filter>リソース ファイル</Filter>
    </Image>
    <Image Include="Resource\Images\EnemyBullet\eff3.png">
      <Filter>リソース ファイル</Filter>
    </Image>
    <Image Include="Resource\Images\Evaluation\BAD.png">
      <Filter>リソース ファイル</Filter>
    </Image>
    <Image Include="Resource\Images\Evaluation\Finish.png">
      <Filter>リソース ファイル</Filter>
    </Image>
    <Image Include="Resource\Images\Evaluation\GOOD.png">
      <Filter>リソース ファイル</Filter>
    </Image>
    <Image Include="Resource\Images\Evaluation\OK.png">
      <Filter>リソース ファイル</Filter>
    </Image>
    <Image Include="Resource\Images\Evaluation\Perfect.png">
      <Filter>リソース ファイル</Filter>
    </Image>
    <Image Include="Resource\Images\FlyText\-.png">
      <Filter>リソース ファイル</Filter>
    </Image>
    <Image Include="Resource\Images\GoldEnemy\1.png">
      <Filter>リソース ファイル</Filter>
    </Image>
    <Image Include="Resource\Images\GoldEnemy\2.png">
      <Filter>リソース ファイル</Filter>
    </Image>
    <Image Include="Resource\Images\GoldEnemy\3.png">
      <Filter>リソース ファイル</Filter>
    </Image>
    <Image Include="Resource\Images\GoldEnemy\4.png">
      <Filter>リソース ファイル</Filter>
    </Image>
    <Image Include="Resource\Images\GoldEnemy\5.png">
      <Filter>リソース ファイル</Filter>
    </Image>
    <Image Include="Resource\Images\Harpy\1.png">
      <Filter>リソース ファイル</Filter>
    </Image>
    <Image Include="Resource\Images\Harpy\2.png">
      <Filter>リソース ファイル</Filter>
    </Image>
    <Image Include="Resource\Images\Score\0.png">
      <Filter>リソース ファイル</Filter>
    </Image>
    <Image Include="Resource\Images\Score\1.png">
      <Filter>リソース ファイル</Filter>
    </Image>
    <Image Include="Resource\Images\Score\2.png">
      <Filter>リソース ファイル</Filter>
    </Image>
    <Image Include="Resource\Images\Score\3.png">
      <Filter>リソース ファイル</Filter>
    </Image>
    <Image Include="Resource\Images\Score\4.png">
      <Filter>リソース ファイル</Filter>
    </Image>
    <Image Include="Resource\Images\Score\5.png">
      <Filter>リソース ファイル</Filter>
    </Image>
    <Image Include="Resource\Images\Score\6.png">
      <Filter>リソース ファイル</Filter>
    </Image>
    <Image Include="Resource\Images\Score\7.png">
      <Filter>リソース ファイル</Filter>
    </Image>
    <Image Include="Resource\Images\Score\8.png">
      <Filter>リソース ファイル</Filter>
    </Image>
    <Image Include="Resource\Images\Score\9.png">
      <Filter>リソース ファイル</Filter>
    </Image>
    <Image Include="Resource\Images\Score\font-21.png">
      <Filter>リソース ファイル</Filter>
    </Image>
    <Image Include="Resource\Images\Score\hs.png">
      <Filter>リソース ファイル</Filter>
    </Image>
    <Image Include="Resource\Images\TimeLimit\timer-03.png">
      <Filter>リソース ファイル</Filter>
    </Image>
    <Image Include="Resource\Images\Tri-pilot\1.png">
      <Filter>リソース ファイル</Filter>
    </Image>
    <Image Include="Resource\Images\Tri-pilot\2.png">
      <Filter>リソース ファイル</Filter>
    </Image>
    <Image Include="Resource\Images\WingEnemy\1.png">
      <Filter>リソース ファイル</Filter>
    </Image>
    <Image Include="Resource\Images\WingEnemy\2.png">
      <Filter>リソース ファイル</Filter>
    </Image>
    <Image Include="Resource\Images\BackGround.png">
      <Filter>リソース ファイル</Filter>
    </Image>
  </ItemGroup>
  <ItemGroup>
    <Media Include="Resource\Sounds\arrows_perfect03_short.wav">
      <Filter>リソース ファイル</Filter>
    </Media>
    <Media Include="Resource\Sounds\bishi.wav">
      <Filter>リソース ファイル</Filter>
    </Media>
    <Media Include="Resource\Sounds\Boss_gahee.wav">
      <Filter>リソース ファイル</Filter>
    </Media>
    <Media Include="Resource\Sounds\explosion.wav">
      <Filter>リソース ファイル</Filter>
    </Media>
    <Media Include="Resource\Sounds\Meow.wav">
      <Filter>リソース ファイル</Filter>
    </Media>
    <Media Include="Resource\Sounds\pan.wav">
      <Filter>リソース ファイル</Filter>
    </Media>
    <Media Include="Resource\Sounds\pop.wav">
      <Filter>リソース ファイル</Filter>
    </Media>
    <Media Include="Resource\Sounds\pokan.wav">
      <Filter>リソース ファイル</Filter>
    </Media>
    <Media Include="Resource\Sounds\teki_gahee.wav">
      <Filter>リソース ファイル</Filter>
    </Media>
    <Media Include="Resource\Sounds\Evaluation\BGM_arrows.wav">
      <Filter>リソース ファイル</Filter>
    </Media>
    <Media Include="Resource\Sounds\Evaluation\BGM_timeup.wav">
      <Filter>リソース ファイル</Filter>
    </Media>
    <Media Include="Resource\Sounds\Evaluation\SE_good.wav">
      <Filter>リソース ファイル</Filter>
    </Media>
    <Media Include="Resource\Sounds\Evaluation\SE_bad.wav">
      <Filter>リソース ファイル</Filter>
    </Media>
    <Media Include="Resource\Sounds\Evaluation\SE_ok.wav">
      <Filter>リソース ファイル</Filter>
    </Media>
    <Media Include="Resource\Sounds\Evaluation\SE_perfect.wav">
      <Filter>リソース ファイル</Filter>
    </Media>
  </ItemGroup>
</Project>